// !$*UTF8*$!
{
	archiveVersion = 1;
	classes = {
	};
	objectVersion = 46;
	objects = {

/* Begin PBXBuildFile section */
		BA61E6531DF25616009EE50F /* AppDelegate.swift in Sources */ = {isa = PBXBuildFile; fileRef = BA61E6521DF25616009EE50F /* AppDelegate.swift */; };
		BA61E6551DF25616009EE50F /* ViewController.swift in Sources */ = {isa = PBXBuildFile; fileRef = BA61E6541DF25616009EE50F /* ViewController.swift */; };
		BA61E6581DF25616009EE50F /* Main.storyboard in Resources */ = {isa = PBXBuildFile; fileRef = BA61E6561DF25616009EE50F /* Main.storyboard */; };
		BA61E65A1DF25616009EE50F /* Assets.xcassets in Resources */ = {isa = PBXBuildFile; fileRef = BA61E6591DF25616009EE50F /* Assets.xcassets */; };
		BA61E65D1DF25616009EE50F /* LaunchScreen.storyboard in Resources */ = {isa = PBXBuildFile; fileRef = BA61E65B1DF25616009EE50F /* LaunchScreen.storyboard */; };
		BA61E6661DF27A94009EE50F /* CalculatorBrain.swift in Sources */ = {isa = PBXBuildFile; fileRef = BA61E6651DF27A94009EE50F /* CalculatorBrain.swift */; };
/* End PBXBuildFile section */

/* Begin PBXFileReference section */
		BA61E64F1DF25616009EE50F /* Calculator.app */ = {isa = PBXFileReference; explicitFileType = wrapper.application; includeInIndex = 0; path = Calculator.app; sourceTree = BUILT_PRODUCTS_DIR; };
		BA61E6521DF25616009EE50F /* AppDelegate.swift */ = {isa = PBXFileReference; lastKnownFileType = sourcecode.swift; path = AppDelegate.swift; sourceTree = "<group>"; };
		BA61E6541DF25616009EE50F /* ViewController.swift */ = {isa = PBXFileReference; lastKnownFileType = sourcecode.swift; path = ViewController.swift; sourceTree = "<group>"; };
		BA61E6571DF25616009EE50F /* Base */ = {isa = PBXFileReference; lastKnownFileType = file.storyboard; name = Base; path = Base.lproj/Main.storyboard; sourceTree = "<group>"; };
		BA61E6591DF25616009EE50F /* Assets.xcassets */ = {isa = PBXFileReference; lastKnownFileType = folder.assetcatalog; path = Assets.xcassets; sourceTree = "<group>"; };
		BA61E65C1DF25616009EE50F /* Base */ = {isa = PBXFileReference; lastKnownFileType = file.storyboard; name = Base; path = Base.lproj/LaunchScreen.storyboard; sourceTree = "<group>"; };
		BA61E65E1DF25616009EE50F /* Info.plist */ = {isa = PBXFileReference; lastKnownFileType = text.plist.xml; path = Info.plist; sourceTree = "<group>"; };
		BA61E6651DF27A94009EE50F /* CalculatorBrain.swift */ = {isa = PBXFileReference; fileEncoding = 4; lastKnownFileType = sourcecode.swift; path = CalculatorBrain.swift; sourceTree = "<group>"; };
/* End PBXFileReference section */

/* Begin PBXFrameworksBuildPhase section */
		BA61E64C1DF25616009EE50F /* Frameworks */ = {
			isa = PBXFrameworksBuildPhase;
			buildActionMask = 2147483647;
			files = (
			);
			runOnlyForDeploymentPostprocessing = 0;
		};
/* End PBXFrameworksBuildPhase section */

/* Begin PBXGroup section */
		BA61E6461DF25616009EE50F = {
			isa = PBXGroup;
			children = (
				BA61E6511DF25616009EE50F /* Calculator */,
				BA61E6501DF25616009EE50F /* Products */,
			);
			sourceTree = "<group>";
		};
		BA61E6501DF25616009EE50F /* Products */ = {
			isa = PBXGroup;
			children = (
				BA61E64F1DF25616009EE50F /* Calculator.app */,
			);
			name = Products;
			sourceTree = "<group>";
		};
		BA61E6511DF25616009EE50F /* Calculator */ = {
			isa = PBXGroup;
			children = (
				BA61E6651DF27A94009EE50F /* CalculatorBrain.swift */,
				BA61E6541DF25616009EE50F /* ViewController.swift */,
				BA61E6561DF25616009EE50F /* Main.storyboard */,
				BA61E6641DF25866009EE50F /* Supporting_Files */,
			);
			path = Calculator;
			sourceTree = "<group>";
		};
		BA61E6641DF25866009EE50F /* Supporting_Files */ = {
			isa = PBXGroup;
			children = (
				BA61E6521DF25616009EE50F /* AppDelegate.swift */,
				BA61E6591DF25616009EE50F /* Assets.xcassets */,
				BA61E65B1DF25616009EE50F /* LaunchScreen.storyboard */,
				BA61E65E1DF25616009EE50F /* Info.plist */,
			);
			name = Supporting_Files;
			sourceTree = "<group>";
		};
/* End PBXGroup section */

/* Begin PBXNativeTarget section */
		BA61E64E1DF25616009EE50F /* Calculator */ = {
			isa = PBXNativeTarget;
			buildConfigurationList = BA61E6611DF25616009EE50F /* Build configuration list for PBXNativeTarget "Calculator" */;
			buildPhases = (
				BA61E64B1DF25616009EE50F /* Sources */,
				BA61E64C1DF25616009EE50F /* Frameworks */,
				BA61E64D1DF25616009EE50F /* Resources */,
			);
			buildRules = (
			);
			dependencies = (
			);
			name = Calculator;
			productName = Calculator;
			productReference = BA61E64F1DF25616009EE50F /* Calculator.app */;
			productType = "com.apple.product-type.application";
		};
/* End PBXNativeTarget section */

/* Begin PBXProject section */
		BA61E6471DF25616009EE50F /* Project object */ = {
			isa = PBXProject;
			attributes = {
				LastSwiftUpdateCheck = 0730;
				LastUpgradeCheck = 0730;
				ORGANIZATIONNAME = "Joe Burg ";
				TargetAttributes = {
					BA61E64E1DF25616009EE50F = {
						CreatedOnToolsVersion = 7.3.1;
						DevelopmentTeam = HB4C3SKJ2T;
						LastSwiftMigration = 0810;
					};
				};
			};
			buildConfigurationList = BA61E64A1DF25616009EE50F /* Build configuration list for PBXProject "Calculator" */;
			compatibilityVersion = "Xcode 3.2";
			developmentRegion = English;
			hasScannedForEncodings = 0;
			knownRegions = (
				en,
				Base,
			);
			mainGroup = BA61E6461DF25616009EE50F;
			productRefGroup = BA61E6501DF25616009EE50F /* Products */;
			projectDirPath = "";
			projectRoot = "";
			targets = (
				BA61E64E1DF25616009EE50F /* Calculator */,
			);
		};
/* End PBXProject section */

/* Begin PBXResourcesBuildPhase section */
		BA61E64D1DF25616009EE50F /* Resources */ = {
			isa = PBXResourcesBuildPhase;
			buildActionMask = 2147483647;
			files = (
				BA61E65D1DF25616009EE50F /* LaunchScreen.storyboard in Resources */,
				BA61E65A1DF25616009EE50F /* Assets.xcassets in Resources */,
				BA61E6581DF25616009EE50F /* Main.storyboard in Resources */,
			);
			runOnlyForDeploymentPostprocessing = 0;
		};
/* End PBXResourcesBuildPhase section */

/* Begin PBXSourcesBuildPhase section */
		BA61E64B1DF25616009EE50F /* Sources */ = {
			isa = PBXSourcesBuildPhase;
			buildActionMask = 2147483647;
			files = (
				BA61E6661DF27A94009EE50F /* CalculatorBrain.swift in Sources */,
				BA61E6551DF25616009EE50F /* ViewController.swift in Sources */,
				BA61E6531DF25616009EE50F /* AppDelegate.swift in Sources */,
			);
			runOnlyForDeploymentPostprocessing = 0;
		};
/* End PBXSourcesBuildPhase section */

/* Begin PBXVariantGroup section */
		BA61E6561DF25616009EE50F /* Main.storyboard */ = {
			isa = PBXVariantGroup;
			children = (
				BA61E6571DF25616009EE50F /* Base */,
			);
			name = Main.storyboard;
			sourceTree = "<group>";
		};
		BA61E65B1DF25616009EE50F /* LaunchScreen.storyboard */ = {
			isa = PBXVariantGroup;
			children = (
				BA61E65C1DF25616009EE50F /* Base */,
			);
			name = LaunchScreen.storyboard;
			sourceTree = "<group>";
		};
/* End PBXVariantGroup section */

/* Begin XCBuildConfiguration section */
		BA61E65F1DF25616009EE50F /* Debug */ = {
			isa = XCBuildConfiguration;
			buildSettings = {
				ALWAYS_SEARCH_USER_PATHS = NO;
				CLANG_ANALYZER_NONNULL = YES;
				CLANG_CXX_LANGUAGE_STANDARD = "gnu++0x";
				CLANG_CXX_LIBRARY = "libc++";
				CLANG_ENABLE_MODULES = YES;
				CLANG_ENABLE_OBJC_ARC = YES;
				CLANG_WARN_BOOL_CONVERSION = YES;
				CLANG_WARN_CONSTANT_CONVERSION = YES;
				CLANG_WARN_DIRECT_OBJC_ISA_USAGE = YES_ERROR;
				CLANG_WARN_EMPTY_BODY = YES;
				CLANG_WARN_ENUM_CONVERSION = YES;
				CLANG_WARN_INT_CONVERSION = YES;
				CLANG_WARN_OBJC_ROOT_CLASS = YES_ERROR;
				CLANG_WARN_UNREACHABLE_CODE = YES;
				CLANG_WARN__DUPLICATE_METHOD_MATCH = YES;
				"CODE_SIGN_IDENTITY[sdk=iphoneos*]" = "iPhone Developer";
				COPY_PHASE_STRIP = NO;
				DEBUG_INFORMATION_FORMAT = dwarf;
				ENABLE_STRICT_OBJC_MSGSEND = YES;
				ENABLE_TESTABILITY = YES;
				GCC_C_LANGUAGE_STANDARD = gnu99;
				GCC_DYNAMIC_NO_PIC = NO;
				GCC_NO_COMMON_BLOCKS = YES;
				GCC_OPTIMIZATION_LEVEL = 0;
				GCC_PREPROCESSOR_DEFINITIONS = (
					"DEBUG=1",
					"$(inherited)",
				);
				GCC_WARN_64_TO_32_BIT_CONVERSION = YES;
				GCC_WARN_ABOUT_RETURN_TYPE = YES_ERROR;
				GCC_WARN_UNDECLARED_SELECTOR = YES;
				GCC_WARN_UNINITIALIZED_AUTOS = YES_AGGRESSIVE;
				GCC_WARN_UNUSED_FUNCTION = YES;
				GCC_WARN_UNUSED_VARIABLE = YES;
				IPHONEOS_DEPLOYMENT_TARGET = 9.3;
				MTL_ENABLE_DEBUG_INFO = YES;
				ONLY_ACTIVE_ARCH = YES;
				SDKROOT = iphoneos;
				SWIFT_OPTIMIZATION_LEVEL = "-Onone";
				TARGETED_DEVICE_FAMILY = "1,2";
			};
			name = Debug;
		};
		BA61E6601DF25616009EE50F /* Release */ = {
			isa = XCBuildConfiguration;
			buildSettings = {
				ALWAYS_SEARCH_USER_PATHS = NO;
				CLANG_ANALYZER_NONNULL = YES;
				CLANG_CXX_LANGUAGE_STANDARD = "gnu++0x";
				CLANG_CXX_LIBRARY = "libc++";
				CLANG_ENABLE_MODULES = YES;
				CLANG_ENABLE_OBJC_ARC = YES;
				CLANG_WARN_BOOL_CONVERSION = YES;
				CLANG_WARN_CONSTANT_CONVERSION = YES;
				CLANG_WARN_DIRECT_OBJC_ISA_USAGE = YES_ERROR;
				CLANG_WARN_EMPTY_BODY = YES;
				CLANG_WARN_ENUM_CONVERSION = YES;
				CLANG_WARN_INT_CONVERSION = YES;
				CLANG_WARN_OBJC_ROOT_CLASS = YES_ERROR;
				CLANG_WARN_UNREACHABLE_CODE = YES;
				CLANG_WARN__DUPLICATE_METHOD_MATCH = YES;
				"CODE_SIGN_IDENTITY[sdk=iphoneos*]" = "iPhone Developer";
				COPY_PHASE_STRIP = NO;
				DEBUG_INFORMATION_FORMAT = "dwarf-with-dsym";
				ENABLE_NS_ASSERTIONS = NO;
				ENABLE_STRICT_OBJC_MSGSEND = YES;
				GCC_C_LANGUAGE_STANDARD = gnu99;
				GCC_NO_COMMON_BLOCKS = YES;
				GCC_WARN_64_TO_32_BIT_CONVERSION = YES;
				GCC_WARN_ABOUT_RETURN_TYPE = YES_ERROR;
				GCC_WARN_UNDECLARED_SELECTOR = YES;
				GCC_WARN_UNINITIALIZED_AUTOS = YES_AGGRESSIVE;
				GCC_WARN_UNUSED_FUNCTION = YES;
				GCC_WARN_UNUSED_VARIABLE = YES;
				IPHONEOS_DEPLOYMENT_TARGET = 9.3;
				MTL_ENABLE_DEBUG_INFO = NO;
				SDKROOT = iphoneos;
				TARGETED_DEVICE_FAMILY = "1,2";
				VALIDATE_PRODUCT = YES;
			};
			name = Release;
		};
		BA61E6621DF25616009EE50F /* Debug */ = {
			isa = XCBuildConfiguration;
			buildSettings = {
				ASSETCATALOG_COMPILER_APPICON_NAME = AppIcon;
				CODE_SIGN_IDENTITY = "iPhone Developer";
				INFOPLIST_FILE = Calculator/Info.plist;
				LD_RUNPATH_SEARCH_PATHS = "$(inherited) @executable_path/Frameworks";
				PRODUCT_BUNDLE_IDENTIFIER = Burg.Joe.Projects.Calculator;
				PRODUCT_NAME = "$(TARGET_NAME)";
				SWIFT_VERSION = 2.3;
			};
			name = Debug;
		};
		BA61E6631DF25616009EE50F /* Release */ = {
			isa = XCBuildConfiguration;
			buildSettings = {
				ASSETCATALOG_COMPILER_APPICON_NAME = AppIcon;
				CODE_SIGN_IDENTITY = "iPhone Developer";
				INFOPLIST_FILE = Calculator/Info.plist;
				LD_RUNPATH_SEARCH_PATHS = "$(inherited) @executable_path/Frameworks";
				PRODUCT_BUNDLE_IDENTIFIER = Burg.Joe.Projects.Calculator;
				PRODUCT_NAME = "$(TARGET_NAME)";
				SWIFT_VERSION = 2.3;
			};
			name = Release;
		};
/* End XCBuildConfiguration section */

/* Begin XCConfigurationList section */
		BA61E64A1DF25616009EE50F /* Build configuration list for PBXProject "Calculator" */ = {
			isa = XCConfigurationList;
			buildConfigurations = (
				BA61E65F1DF25616009EE50F /* Debug */,
				BA61E6601DF25616009EE50F /* Release */,
			);
			defaultConfigurationIsVisible = 0;
			defaultConfigurationName = Release;
		};
		BA61E6611DF25616009EE50F /* Build configuration list for PBXNativeTarget "Calculator" */ = {
			isa = XCConfigurationList;
			buildConfigurations = (
				BA61E6621DF25616009EE50F /* Debug */,
				BA61E6631DF25616009EE50F /* Release */,
			);
			defaultConfigurationIsVisible = 0;
			defaultConfigurationName = Release;
		};
/* End XCConfigurationList section */
	};
	rootObject = BA61E6471DF25616009EE50F /* Project object */;
}
